
Microsoft Visual Studio Solution File, Format Version 12.00
# Visual Studio Version 17
VisualStudioVersion = 17.10.35013.160
MinimumVisualStudioVersion = 10.0.40219.1
Project("{FAE04EC0-301F-11D3-BF4B-00C04F79EFBC}") = "LedgerAPIV2", "LedgerAPIV2\LedgerAPIV2.csproj", "{9013B12F-AF6A-4D43-809E-D061717370DB}"
EndProject
Global
	GlobalSection(SolutionConfigurationPlatforms) = preSolution
		Debug|Any CPU = Debug|Any CPU
		Release|Any CPU = Release|Any CPU
	EndGlobalSection
	GlobalSection(ProjectConfigurationPlatforms) = postSolution
		{9013B12F-AF6A-4D43-809E-D061717370DB}.Debug|Any CPU.ActiveCfg = Debug|Any CPU
		{9013B12F-AF6A-4D43-809E-D061717370DB}.Debug|Any CPU.Build.0 = Debug|Any CPU
		{9013B12F-AF6A-4D43-809E-D061717370DB}.Release|Any CPU.ActiveCfg = Release|Any CPU
		{9013B12F-AF6A-4D43-809E-D061717370DB}.Release|Any CPU.Build.0 = Release|Any CPU
	EndGlobalSection
	GlobalSection(SolutionProperties) = preSolution
		HideSolutionNode = FALSE
	EndGlobalSection
	GlobalSection(ExtensibilityGlobals) = postSolution
		SolutionGuid = {9B68159F-3A84-4046-80F9-2B4224A0905E}
	EndGlobalSection
EndGlobal
